
Microsoft Visual Studio Solution File, Format Version 12.00
# Visual Studio 15
VisualStudioVersion = 15.0.28307.1259
MinimumVisualStudioVersion = 10.0.40219.1
Project("{FAE04EC0-301F-11D3-BF4B-00C04F79EFBC}") = "ConsoleApp1", "ConsoleApp1\ConsoleApp1.csproj", "{B0E767A5-B442-4CE8-BF14-AF6F42873AF2}"
EndProject
Global
	GlobalSection(SolutionConfigurationPlatforms) = preSolution
		Debug|Any CPU = Debug|Any CPU
		Release|Any CPU = Release|Any CPU
	EndGlobalSection
	GlobalSection(ProjectConfigurationPlatforms) = postSolution
		{B0E767A5-B442-4CE8-BF14-AF6F42873AF2}.Debug|Any CPU.ActiveCfg = Debug|Any CPU
		{B0E767A5-B442-4CE8-BF14-AF6F42873AF2}.Debug|Any CPU.Build.0 = Debug|Any CPU
		{B0E767A5-B442-4CE8-BF14-AF6F42873AF2}.Release|Any CPU.ActiveCfg = Release|Any CPU
		{B0E767A5-B442-4CE8-BF14-AF6F42873AF2}.Release|Any CPU.Build.0 = Release|Any CPU
	EndGlobalSection
	GlobalSection(SolutionProperties) = preSolution
		HideSolutionNode = FALSE
	EndGlobalSection
	GlobalSection(ExtensibilityGlobals) = postSolution
		SolutionGuid = {F8F0F42F-6FA7-457B-B71D-44A4658D025B}
	EndGlobalSection
EndGlobal
